{
    "version": 3,
    "terraform_version": "0.11.13",
    "serial": 10,
    "lineage": "adccf778-80db-20ce-c463-492b49973335",
    "modules": [
        {
            "path": [
                "root"
            ],
            "outputs": {},
            "resources": {
                "aws_codepipeline.bullsandcows": {
                    "type": "aws_codepipeline",
                    "depends_on": [
                        "aws_iam_role.bullsandcows",
                        "aws_s3_bucket.bullsandcows"
                    ],
                    "primary": {
                        "id": "bullsandcows",
                        "attributes": {
                            "arn": "arn:aws:codepipeline:us-west-1:671958020402:bullsandcows",
                            "artifact_store.#": "1",
                            "artifact_store.0.encryption_key.#": "0",
                            "artifact_store.0.location": "bullsandcows.john-shenk.com",
                            "artifact_store.0.type": "S3",
                            "id": "bullsandcows",
                            "name": "bullsandcows",
                            "role_arn": "arn:aws:iam::671958020402:role/bullsandcows_pipeline_role",
                            "stage.#": "2",
                            "stage.0.action.#": "1",
                            "stage.0.action.0.category": "Source",
                            "stage.0.action.0.configuration.%": "3",
                            "stage.0.action.0.configuration.Branch": "master",
                            "stage.0.action.0.configuration.Owner": "stinkyfingers",
                            "stage.0.action.0.configuration.Repo": "bullsandcows",
                            "stage.0.action.0.input_artifacts.#": "0",
                            "stage.0.action.0.name": "Source",
                            "stage.0.action.0.output_artifacts.#": "1",
                            "stage.0.action.0.output_artifacts.0": "source_output",
                            "stage.0.action.0.owner": "ThirdParty",
                            "stage.0.action.0.provider": "GitHub",
                            "stage.0.action.0.role_arn": "",
                            "stage.0.action.0.run_order": "1",
                            "stage.0.action.0.version": "1",
                            "stage.0.name": "Source",
                            "stage.1.action.#": "1",
                            "stage.1.action.0.category": "Build",
                            "stage.1.action.0.configuration.%": "1",
                            "stage.1.action.0.configuration.ProjectName": "bullsandcows",
                            "stage.1.action.0.input_artifacts.#": "1",
                            "stage.1.action.0.input_artifacts.0": "source_output",
                            "stage.1.action.0.name": "Build",
                            "stage.1.action.0.output_artifacts.#": "1",
                            "stage.1.action.0.output_artifacts.0": "build_output",
                            "stage.1.action.0.owner": "AWS",
                            "stage.1.action.0.provider": "CodeBuild",
                            "stage.1.action.0.role_arn": "",
                            "stage.1.action.0.run_order": "1",
                            "stage.1.action.0.version": "1",
                            "stage.1.name": "Build"
                        },
                        "meta": {},
                        "tainted": false
                    },
                    "deposed": [],
                    "provider": "provider.aws"
                },
                "aws_iam_role.bullsandcows": {
                    "type": "aws_iam_role",
                    "depends_on": [],
                    "primary": {
                        "id": "bullsandcows_pipeline_role",
                        "attributes": {
                            "arn": "arn:aws:iam::671958020402:role/bullsandcows_pipeline_role",
                            "assume_role_policy": "{\"Version\":\"2012-10-17\",\"Statement\":[{\"Effect\":\"Allow\",\"Principal\":{\"Service\":\"codepipeline.amazonaws.com\"},\"Action\":\"sts:AssumeRole\"}]}",
                            "create_date": "2019-04-27T01:13:02Z",
                            "description": "",
                            "force_detach_policies": "false",
                            "id": "bullsandcows_pipeline_role",
                            "max_session_duration": "3600",
                            "name": "bullsandcows_pipeline_role",
                            "path": "/",
                            "tags.%": "0",
                            "unique_id": "AROAZY46RWEZFNDRENRN4"
                        },
                        "meta": {},
                        "tainted": false
                    },
                    "deposed": [],
                    "provider": "provider.aws"
                },
                "aws_iam_role_policy.bullsandcows": {
                    "type": "aws_iam_role_policy",
                    "depends_on": [
                        "aws_iam_role.bullsandcows",
                        "aws_s3_bucket.bullsandcows"
                    ],
                    "primary": {
                        "id": "bullsandcows_pipeline_role:bullsandcows_pipeline_policy",
                        "attributes": {
                            "id": "bullsandcows_pipeline_role:bullsandcows_pipeline_policy",
                            "name": "bullsandcows_pipeline_policy",
                            "policy": "{\n  \"Version\": \"2012-10-17\",\n  \"Statement\": [\n    {\n      \"Effect\":\"Allow\",\n      \"Action\": [\n        \"s3:Get*\",\n        \"s3:List*\",\n        \"s3:PutObject\"\n      ],\n      \"Resource\": [\n        \"arn:aws:s3:::bullsandcows.john-shenk.com\",\n        \"arn:aws:s3:::bullsandcows.john-shenk.com/*\"\n      ]\n    },\n    {\n      \"Effect\": \"Allow\",\n      \"Action\": [\n        \"codebuild:BatchGetBuilds\",\n        \"codebuild:StartBuild\"\n      ],\n      \"Resource\": \"*\"\n    },\n    {\n      \"Effect\": \"Allow\",\n      \"Action\": [\n        \"codepipeline:*\"\n      ],\n      \"Resource\": \"*\"\n    }\n  ]\n}\n",
                            "role": "bullsandcows_pipeline_role"
                        },
                        "meta": {},
                        "tainted": false
                    },
                    "deposed": [],
                    "provider": "provider.aws"
                },
                "aws_iam_user.johnshenk": {
                    "type": "aws_iam_user",
                    "depends_on": [],
                    "primary": {
                        "id": "johnshenk",
                        "attributes": {
                            "arn": "arn:aws:iam::671958020402:user/johnshenk",
                            "force_destroy": "false",
                            "id": "johnshenk",
                            "name": "johnshenk",
                            "path": "/",
                            "tags.%": "0",
                            "unique_id": "AIDAJMTEPG4TPNWRPIZ4A"
                        },
                        "meta": {},
                        "tainted": false
                    },
                    "deposed": [],
                    "provider": "provider.aws"
                },
                "aws_s3_bucket.bullsandcows": {
                    "type": "aws_s3_bucket",
                    "depends_on": [],
                    "primary": {
                        "id": "bullsandcows.john-shenk.com",
                        "attributes": {
                            "acceleration_status": "",
                            "arn": "arn:aws:s3:::bullsandcows.john-shenk.com",
                            "bucket": "bullsandcows.john-shenk.com",
                            "bucket_domain_name": "bullsandcows.john-shenk.com.s3.amazonaws.com",
                            "bucket_regional_domain_name": "bullsandcows.john-shenk.com.s3.us-west-1.amazonaws.com",
                            "cors_rule.#": "0",
                            "force_destroy": "false",
                            "hosted_zone_id": "Z2F56UZL2M1ACD",
                            "id": "bullsandcows.john-shenk.com",
                            "lifecycle_rule.#": "0",
                            "logging.#": "0",
                            "object_lock_configuration.#": "0",
                            "region": "us-west-1",
                            "replication_configuration.#": "0",
                            "request_payer": "BucketOwner",
                            "server_side_encryption_configuration.#": "0",
                            "tags.%": "0",
                            "versioning.#": "1",
                            "versioning.0.enabled": "false",
                            "versioning.0.mfa_delete": "false",
                            "website.#": "1",
                            "website.0.error_document": "",
                            "website.0.index_document": "index.html",
                            "website.0.redirect_all_requests_to": "",
                            "website.0.routing_rules": "",
                            "website_domain": "s3-website-us-west-1.amazonaws.com",
                            "website_endpoint": "bullsandcows.john-shenk.com.s3-website-us-west-1.amazonaws.com"
                        },
                        "meta": {},
                        "tainted": false
                    },
                    "deposed": [],
                    "provider": "provider.aws"
                },
                "aws_s3_bucket_policy.bullsandcows": {
                    "type": "aws_s3_bucket_policy",
                    "depends_on": [
                        "aws_s3_bucket.bullsandcows"
                    ],
                    "primary": {
                        "id": "bullsandcows.john-shenk.com",
                        "attributes": {
                            "bucket": "bullsandcows.john-shenk.com",
                            "id": "bullsandcows.john-shenk.com",
                            "policy": "{\"Version\":\"2012-10-17\",\"Statement\":[{\"Sid\":\"PublicReadForGetBucketObjects\",\"Effect\":\"Allow\",\"Principal\":\"*\",\"Action\":\"s3:GetObject\",\"Resource\":\"arn:aws:s3:::bullsandcows.john-shenk.com/*\"}]}"
                        },
                        "meta": {},
                        "tainted": false
                    },
                    "deposed": [],
                    "provider": "provider.aws"
                }
            },
            "depends_on": []
        }
    ]
}
