{
    "version": 3,
    "terraform_version": "0.11.13",
    "serial": 26,
    "lineage": "adccf778-80db-20ce-c463-492b49973335",
    "modules": [
        {
            "path": [
                "root"
            ],
            "outputs": {},
            "resources": {
                "aws_cloudfront_distribution.s3_distribution": {
                    "type": "aws_cloudfront_distribution",
                    "depends_on": [
                        "aws_cloudfront_origin_access_identity.origin_access_identity",
                        "aws_s3_bucket.bullsandcows",
                        "local.s3_origin_id"
                    ],
                    "primary": {
                        "id": "E1K6AWKIBRJC6F",
                        "attributes": {
                            "active_trusted_signers.%": "2",
                            "active_trusted_signers.enabled": "false",
                            "active_trusted_signers.items.#": "0",
                            "aliases.#": "1",
                            "aliases.1170788765": "bullsandcows.john-shenk.com",
                            "arn": "arn:aws:cloudfront::671958020402:distribution/E1K6AWKIBRJC6F",
                            "caller_reference": "2019-07-01T17:30:17.876167-05:00",
                            "custom_error_response.#": "0",
                            "default_cache_behavior.#": "1",
                            "default_cache_behavior.0.allowed_methods.#": "2",
                            "default_cache_behavior.0.allowed_methods.1040875975": "GET",
                            "default_cache_behavior.0.allowed_methods.1445840968": "HEAD",
                            "default_cache_behavior.0.cached_methods.#": "2",
                            "default_cache_behavior.0.cached_methods.1040875975": "GET",
                            "default_cache_behavior.0.cached_methods.1445840968": "HEAD",
                            "default_cache_behavior.0.compress": "true",
                            "default_cache_behavior.0.default_ttl": "86400",
                            "default_cache_behavior.0.field_level_encryption_id": "",
                            "default_cache_behavior.0.forwarded_values.#": "1",
                            "default_cache_behavior.0.forwarded_values.0.cookies.#": "1",
                            "default_cache_behavior.0.forwarded_values.0.cookies.0.forward": "none",
                            "default_cache_behavior.0.forwarded_values.0.cookies.0.whitelisted_names.#": "0",
                            "default_cache_behavior.0.forwarded_values.0.headers.#": "0",
                            "default_cache_behavior.0.forwarded_values.0.query_string": "false",
                            "default_cache_behavior.0.forwarded_values.0.query_string_cache_keys.#": "0",
                            "default_cache_behavior.0.lambda_function_association.#": "0",
                            "default_cache_behavior.0.max_ttl": "31536000",
                            "default_cache_behavior.0.min_ttl": "0",
                            "default_cache_behavior.0.smooth_streaming": "false",
                            "default_cache_behavior.0.target_origin_id": "S3-bullsandcows.john-shenk.com",
                            "default_cache_behavior.0.trusted_signers.#": "0",
                            "default_cache_behavior.0.viewer_protocol_policy": "redirect-to-https",
                            "default_root_object": "index.html",
                            "domain_name": "d12qelsxsxqyed.cloudfront.net",
                            "enabled": "true",
                            "etag": "E2CGUY06NKK6E6",
                            "hosted_zone_id": "Z2FDTNDATAQYW2",
                            "http_version": "http2",
                            "id": "E1K6AWKIBRJC6F",
                            "in_progress_validation_batches": "0",
                            "is_ipv6_enabled": "true",
                            "last_modified_time": "2019-09-08 15:35:00.309 +0000 UTC",
                            "logging_config.#": "0",
                            "ordered_cache_behavior.#": "0",
                            "origin.#": "1",
                            "origin.3761088688.custom_header.#": "0",
                            "origin.3761088688.custom_origin_config.#": "0",
                            "origin.3761088688.domain_name": "bullsandcows.john-shenk.com.s3.amazonaws.com",
                            "origin.3761088688.origin_id": "S3-bullsandcows.john-shenk.com",
                            "origin.3761088688.origin_path": "",
                            "origin.3761088688.s3_origin_config.#": "1",
                            "origin.3761088688.s3_origin_config.0.origin_access_identity": "origin-access-identity/cloudfront/E24K6GOC5ZKQ9J",
                            "price_class": "PriceClass_All",
                            "restrictions.#": "1",
                            "restrictions.0.geo_restriction.#": "1",
                            "restrictions.0.geo_restriction.0.locations.#": "2",
                            "restrictions.0.geo_restriction.0.locations.3047936762": "US",
                            "restrictions.0.geo_restriction.0.locations.3589570027": "CA",
                            "restrictions.0.geo_restriction.0.restriction_type": "whitelist",
                            "retain_on_delete": "false",
                            "status": "Deployed",
                            "tags.%": "1",
                            "tags.Environment": "production",
                            "viewer_certificate.#": "1",
                            "viewer_certificate.0.acm_certificate_arn": "arn:aws:acm:us-east-1:671958020402:certificate/4f5aae32-96c3-4926-ab41-8fb72334470a",
                            "viewer_certificate.0.cloudfront_default_certificate": "false",
                            "viewer_certificate.0.iam_certificate_id": "",
                            "viewer_certificate.0.minimum_protocol_version": "TLSv1.1_2016",
                            "viewer_certificate.0.ssl_support_method": "sni-only",
                            "wait_for_deployment": "true",
                            "web_acl_id": ""
                        },
                        "meta": {
                            "schema_version": "1"
                        },
                        "tainted": false
                    },
                    "deposed": [],
                    "provider": "provider.aws"
                },
                "aws_cloudfront_origin_access_identity.origin_access_identity": {
                    "type": "aws_cloudfront_origin_access_identity",
                    "depends_on": [],
                    "primary": {
                        "id": "E24K6GOC5ZKQ9J",
                        "attributes": {
                            "caller_reference": "2019-09-08T10:34:58.5625-05:00",
                            "cloudfront_access_identity_path": "origin-access-identity/cloudfront/E24K6GOC5ZKQ9J",
                            "comment": "bullsandccows.john-shenk.com identity",
                            "etag": "E27DG7BDTM3TVA",
                            "iam_arn": "arn:aws:iam::cloudfront:user/CloudFront Origin Access Identity E24K6GOC5ZKQ9J",
                            "id": "E24K6GOC5ZKQ9J",
                            "s3_canonical_user_id": "62b1d29d62628a775396e365b5d797fb338e2b9ace3987bfa56b38d6ab1666db7c720459faed425cf331fb670bd020ab"
                        },
                        "meta": {},
                        "tainted": false
                    },
                    "deposed": [],
                    "provider": "provider.aws"
                },
                "aws_codebuild_project.bullsandcows": {
                    "type": "aws_codebuild_project",
                    "depends_on": [
                        "aws_iam_role.bullsandcows",
                        "aws_s3_bucket.bullsandcows"
                    ],
                    "primary": {
                        "id": "bullsandcows",
                        "attributes": {
                            "arn": "arn:aws:codebuild:us-west-1:671958020402:project/bullsandcows",
                            "artifacts.#": "1",
                            "artifacts.1178773975.encryption_disabled": "false",
                            "artifacts.1178773975.location": "",
                            "artifacts.1178773975.name": "",
                            "artifacts.1178773975.namespace_type": "",
                            "artifacts.1178773975.packaging": "",
                            "artifacts.1178773975.path": "",
                            "artifacts.1178773975.type": "NO_ARTIFACTS",
                            "badge_enabled": "false",
                            "badge_url": "",
                            "build_timeout": "5",
                            "cache.#": "1",
                            "cache.0.location": "bullsandcows.john-shenk.com",
                            "cache.0.type": "S3",
                            "description": "bullsandcows",
                            "encryption_key": "arn:aws:kms:us-west-1:671958020402:alias/aws/s3",
                            "environment.#": "1",
                            "environment.3306535341.certificate": "",
                            "environment.3306535341.compute_type": "BUILD_GENERAL1_SMALL",
                            "environment.3306535341.environment_variable.#": "0",
                            "environment.3306535341.image": "aws/codebuild/standard:2.0",
                            "environment.3306535341.image_pull_credentials_type": "CODEBUILD",
                            "environment.3306535341.privileged_mode": "false",
                            "environment.3306535341.type": "LINUX_CONTAINER",
                            "id": "bullsandcows",
                            "name": "bullsandcows",
                            "secondary_artifacts.#": "0",
                            "secondary_sources.#": "0",
                            "service_role": "arn:aws:iam::671958020402:role/bullsandcows_pipeline_role",
                            "source.#": "1",
                            "source.4098225848.auth.#": "0",
                            "source.4098225848.buildspec": "buildspec.yml",
                            "source.4098225848.git_clone_depth": "1",
                            "source.4098225848.insecure_ssl": "false",
                            "source.4098225848.location": "https://github.com/stinkyfingers/bullsandcows.git",
                            "source.4098225848.report_build_status": "false",
                            "source.4098225848.type": "GITHUB",
                            "tags.%": "1",
                            "tags.Environment": "Prod",
                            "vpc_config.#": "0"
                        },
                        "meta": {},
                        "tainted": false
                    },
                    "deposed": [],
                    "provider": "provider.aws"
                },
                "aws_codebuild_webhook.bullsandcows": {
                    "type": "aws_codebuild_webhook",
                    "depends_on": [
                        "aws_codebuild_project.bullsandcows"
                    ],
                    "primary": {
                        "id": "bullsandcows",
                        "attributes": {
                            "branch_filter": "",
                            "id": "bullsandcows",
                            "payload_url": "https://codebuild.us-west-1.amazonaws.com/webhooks?t=eyJlbmNyeXB0ZWREYXRhIjoiUjhudXhESm9UdU9wbEM0Ni9YQkcyS2lqZU15QUh4ZFllZjhEL1RrUDFXNk5TMHBZLy9nSDFsODY4QVluT2J3TS9HYWh4YWtHZmttT2lpV3lIQnkyV0xnPSIsIml2UGFyYW1ldGVyU3BlYyI6IkNVREIwdTd0SlI5KzFLTlgiLCJtYXRlcmlhbFNldFNlcmlhbCI6MX0%3D\u0026v=1",
                            "project_name": "bullsandcows",
                            "secret": "",
                            "url": "https://api.github.com/repos/stinkyfingers/bullsandcows/hooks/120922878"
                        },
                        "meta": {},
                        "tainted": false
                    },
                    "deposed": [],
                    "provider": "provider.aws"
                },
                "aws_iam_role.bullsandcows": {
                    "type": "aws_iam_role",
                    "depends_on": [],
                    "primary": {
                        "id": "bullsandcows_pipeline_role",
                        "attributes": {
                            "arn": "arn:aws:iam::671958020402:role/bullsandcows_pipeline_role",
                            "assume_role_policy": "{\"Version\":\"2012-10-17\",\"Statement\":[{\"Effect\":\"Allow\",\"Principal\":{\"Service\":\"codebuild.amazonaws.com\"},\"Action\":\"sts:AssumeRole\"}]}",
                            "create_date": "2019-04-27T01:13:02Z",
                            "description": "",
                            "force_detach_policies": "false",
                            "id": "bullsandcows_pipeline_role",
                            "max_session_duration": "3600",
                            "name": "bullsandcows_pipeline_role",
                            "path": "/",
                            "tags.%": "0",
                            "unique_id": "AROAZY46RWEZFNDRENRN4"
                        },
                        "meta": {},
                        "tainted": false
                    },
                    "deposed": [],
                    "provider": "provider.aws"
                },
                "aws_iam_role_policy.bullsandcows": {
                    "type": "aws_iam_role_policy",
                    "depends_on": [
                        "aws_iam_role.bullsandcows",
                        "aws_s3_bucket.bullsandcows"
                    ],
                    "primary": {
                        "id": "bullsandcows_pipeline_role:bullsandcows_pipeline_policy",
                        "attributes": {
                            "id": "bullsandcows_pipeline_role:bullsandcows_pipeline_policy",
                            "name": "bullsandcows_pipeline_policy",
                            "policy": "{\n  \"Version\": \"2012-10-17\",\n  \"Statement\": [\n    {\n      \"Effect\":\"Allow\",\n      \"Action\": [\n        \"s3:Get*\",\n        \"s3:List*\",\n        \"s3:PutObject\"\n      ],\n      \"Resource\": [\n        \"arn:aws:s3:::bullsandcows.john-shenk.com\",\n        \"arn:aws:s3:::bullsandcows.john-shenk.com/*\"\n      ]\n    },\n    {\n      \"Effect\": \"Allow\",\n      \"Action\": [\n        \"codebuild:BatchGetBuilds\",\n        \"codebuild:StartBuild\"\n      ],\n      \"Resource\": \"*\"\n    },\n    {\n      \"Effect\": \"Allow\",\n      \"Action\": [\n        \"codebuild:*\"\n      ],\n      \"Resource\": \"*\"\n    }\n  ]\n}\n",
                            "role": "bullsandcows_pipeline_role"
                        },
                        "meta": {},
                        "tainted": false
                    },
                    "deposed": [],
                    "provider": "provider.aws"
                },
                "aws_iam_user.johnshenk": {
                    "type": "aws_iam_user",
                    "depends_on": [],
                    "primary": {
                        "id": "johnshenk",
                        "attributes": {
                            "arn": "arn:aws:iam::671958020402:user/johnshenk",
                            "force_destroy": "false",
                            "id": "johnshenk",
                            "name": "johnshenk",
                            "path": "/",
                            "tags.%": "0",
                            "unique_id": "AIDAJMTEPG4TPNWRPIZ4A"
                        },
                        "meta": {},
                        "tainted": false
                    },
                    "deposed": [],
                    "provider": "provider.aws"
                },
                "aws_route53_record.bullsandcows": {
                    "type": "aws_route53_record",
                    "depends_on": [
                        "aws_cloudfront_distribution.s3_distribution"
                    ],
                    "primary": {
                        "id": "Z3P68RXJ4VECYX_bullsandcows.john-shenk.com_A",
                        "attributes": {
                            "alias.#": "1",
                            "alias.3000900183.evaluate_target_health": "false",
                            "alias.3000900183.name": "d12qelsxsxqyed.cloudfront.net",
                            "alias.3000900183.zone_id": "Z2FDTNDATAQYW2",
                            "fqdn": "bullsandcows.john-shenk.com",
                            "health_check_id": "",
                            "id": "Z3P68RXJ4VECYX_bullsandcows.john-shenk.com_A",
                            "name": "bullsandcows.john-shenk.com",
                            "records.#": "0",
                            "set_identifier": "",
                            "ttl": "0",
                            "type": "A",
                            "zone_id": "Z3P68RXJ4VECYX"
                        },
                        "meta": {
                            "schema_version": "2"
                        },
                        "tainted": false
                    },
                    "deposed": [],
                    "provider": "provider.aws"
                },
                "aws_s3_bucket.bullsandcows": {
                    "type": "aws_s3_bucket",
                    "depends_on": [],
                    "primary": {
                        "id": "bullsandcows.john-shenk.com",
                        "attributes": {
                            "acceleration_status": "",
                            "arn": "arn:aws:s3:::bullsandcows.john-shenk.com",
                            "bucket": "bullsandcows.john-shenk.com",
                            "bucket_domain_name": "bullsandcows.john-shenk.com.s3.amazonaws.com",
                            "bucket_regional_domain_name": "bullsandcows.john-shenk.com.s3.us-west-1.amazonaws.com",
                            "cors_rule.#": "0",
                            "force_destroy": "false",
                            "hosted_zone_id": "Z2F56UZL2M1ACD",
                            "id": "bullsandcows.john-shenk.com",
                            "lifecycle_rule.#": "0",
                            "logging.#": "0",
                            "object_lock_configuration.#": "0",
                            "region": "us-west-1",
                            "replication_configuration.#": "0",
                            "request_payer": "BucketOwner",
                            "server_side_encryption_configuration.#": "0",
                            "tags.%": "0",
                            "versioning.#": "1",
                            "versioning.0.enabled": "false",
                            "versioning.0.mfa_delete": "false",
                            "website.#": "1",
                            "website.0.error_document": "",
                            "website.0.index_document": "index.html",
                            "website.0.redirect_all_requests_to": "",
                            "website.0.routing_rules": "",
                            "website_domain": "s3-website-us-west-1.amazonaws.com",
                            "website_endpoint": "bullsandcows.john-shenk.com.s3-website-us-west-1.amazonaws.com"
                        },
                        "meta": {},
                        "tainted": false
                    },
                    "deposed": [],
                    "provider": "provider.aws"
                },
                "aws_s3_bucket_policy.bullsandcows": {
                    "type": "aws_s3_bucket_policy",
                    "depends_on": [
                        "aws_cloudfront_origin_access_identity.origin_access_identity",
                        "aws_s3_bucket.bullsandcows"
                    ],
                    "primary": {
                        "id": "bullsandcows.john-shenk.com",
                        "attributes": {
                            "bucket": "bullsandcows.john-shenk.com",
                            "id": "bullsandcows.john-shenk.com",
                            "policy": "{\n    \"Version\": \"2012-10-17\",\n    \"Statement\": [\n        {\n            \"Sid\": \"Cloudfront Read\",\n            \"Effect\": \"Allow\",\n            \"Principal\": {\n                \"AWS\": \"arn:aws:iam::cloudfront:user/CloudFront Origin Access Identity E24K6GOC5ZKQ9J\"\n            },\n            \"Action\": \"s3:GetObject\",\n            \"Resource\": \"arn:aws:s3:::bullsandcows.john-shenk.com/*\"\n        }\n    ]\n}\n"
                        },
                        "meta": {},
                        "tainted": false
                    },
                    "deposed": [],
                    "provider": "provider.aws"
                },
                "data.aws_ssm_parameter.github_organization": {
                    "type": "aws_ssm_parameter",
                    "depends_on": [],
                    "primary": {
                        "id": "/github_organization",
                        "attributes": {
                            "arn": "arn:aws:ssm:us-west-1:671958020402:parameter/github_organization",
                            "id": "/github_organization",
                            "name": "/github_organization",
                            "type": "String",
                            "value": "stinkyfingers",
                            "with_decryption": "true"
                        },
                        "meta": {},
                        "tainted": false
                    },
                    "deposed": [],
                    "provider": "provider.aws"
                },
                "data.aws_ssm_parameter.github_token": {
                    "type": "aws_ssm_parameter",
                    "depends_on": [],
                    "primary": {
                        "id": "/github_token",
                        "attributes": {
                            "arn": "arn:aws:ssm:us-west-1:671958020402:parameter/github_token",
                            "id": "/github_token",
                            "name": "/github_token",
                            "type": "String",
                            "value": "3b0d9516ee532070d9a195c47c4dc0196a4a8b96",
                            "with_decryption": "true"
                        },
                        "meta": {},
                        "tainted": false
                    },
                    "deposed": [],
                    "provider": "provider.aws"
                }
            },
            "depends_on": []
        }
    ]
}
