{
  "version": 4,
  "terraform_version": "0.12.12",
  "serial": 31,
  "lineage": "adccf778-80db-20ce-c463-492b49973335",
  "outputs": {},
  "resources": [
    {
      "mode": "data",
      "type": "aws_ssm_parameter",
      "name": "github_organization",
      "provider": "provider.aws",
      "instances": [
        {
          "schema_version": 0,
          "attributes": {
            "arn": "arn:aws:ssm:us-west-1:671958020402:parameter/github_organization",
            "id": "/github_organization",
            "name": "/github_organization",
            "type": "String",
            "value": "stinkyfingers",
            "version": 1,
            "with_decryption": true
          }
        }
      ]
    },
    {
      "mode": "data",
      "type": "aws_ssm_parameter",
      "name": "github_token",
      "provider": "provider.aws",
      "instances": [
        {
          "schema_version": 0,
          "attributes": {
            "arn": "arn:aws:ssm:us-west-1:671958020402:parameter/github_token",
            "id": "/github_token",
            "name": "/github_token",
            "type": "String",
            "value": "3b0d9516ee532070d9a195c47c4dc0196a4a8b96",
            "version": 2,
            "with_decryption": true
          }
        }
      ]
    },
    {
      "mode": "managed",
      "type": "aws_cloudfront_distribution",
      "name": "s3_distribution",
      "provider": "provider.aws",
      "instances": [
        {
          "schema_version": 1,
          "attributes": {
            "active_trusted_signers": {
              "enabled": "false",
              "items.#": "0"
            },
            "aliases": [
              "bullsandcows.john-shenk.com"
            ],
            "arn": "arn:aws:cloudfront::671958020402:distribution/E1K6AWKIBRJC6F",
            "cache_behavior": [],
            "caller_reference": "2019-07-01T17:30:17.876167-05:00",
            "comment": null,
            "custom_error_response": [],
            "default_cache_behavior": [
              {
                "allowed_methods": [
                  "GET",
                  "HEAD"
                ],
                "cached_methods": [
                  "GET",
                  "HEAD"
                ],
                "compress": true,
                "default_ttl": 86400,
                "field_level_encryption_id": "",
                "forwarded_values": [
                  {
                    "cookies": [
                      {
                        "forward": "none",
                        "whitelisted_names": []
                      }
                    ],
                    "headers": [],
                    "query_string": false,
                    "query_string_cache_keys": []
                  }
                ],
                "lambda_function_association": [],
                "max_ttl": 31536000,
                "min_ttl": 0,
                "smooth_streaming": false,
                "target_origin_id": "S3-bullsandcows.john-shenk.com",
                "trusted_signers": [],
                "viewer_protocol_policy": "redirect-to-https"
              }
            ],
            "default_root_object": "index.html",
            "domain_name": "d12qelsxsxqyed.cloudfront.net",
            "enabled": true,
            "etag": "E2DYOQWNHEC5MN",
            "hosted_zone_id": "Z2FDTNDATAQYW2",
            "http_version": "http2",
            "id": "E1K6AWKIBRJC6F",
            "in_progress_validation_batches": 0,
            "is_ipv6_enabled": true,
            "last_modified_time": "2019-12-07 01:56:24.615 +0000 UTC",
            "logging_config": [],
            "ordered_cache_behavior": [],
            "origin": [
              {
                "custom_header": [],
                "custom_origin_config": [],
                "domain_name": "bullsandcows.john-shenk.com.s3.amazonaws.com",
                "origin_id": "S3-bullsandcows.john-shenk.com",
                "origin_path": "",
                "s3_origin_config": [
                  {
                    "origin_access_identity": "origin-access-identity/cloudfront/E24K6GOC5ZKQ9J"
                  }
                ]
              }
            ],
            "origin_group": [],
            "price_class": "PriceClass_200",
            "restrictions": [
              {
                "geo_restriction": [
                  {
                    "locations": [
                      "CA",
                      "US"
                    ],
                    "restriction_type": "whitelist"
                  }
                ]
              }
            ],
            "retain_on_delete": false,
            "status": "Deployed",
            "tags": {
              "Environment": "production"
            },
            "viewer_certificate": [
              {
                "acm_certificate_arn": "arn:aws:acm:us-east-1:671958020402:certificate/4f5aae32-96c3-4926-ab41-8fb72334470a",
                "cloudfront_default_certificate": false,
                "iam_certificate_id": "",
                "minimum_protocol_version": "TLSv1.1_2016",
                "ssl_support_method": "sni-only"
              }
            ],
            "wait_for_deployment": true,
            "web_acl_id": ""
          },
          "private": "eyJzY2hlbWFfdmVyc2lvbiI6IjEifQ==",
          "depends_on": [
            "aws_cloudfront_origin_access_identity.origin_access_identity",
            "aws_s3_bucket.bullsandcows"
          ]
        }
      ]
    },
    {
      "mode": "managed",
      "type": "aws_cloudfront_origin_access_identity",
      "name": "origin_access_identity",
      "provider": "provider.aws",
      "instances": [
        {
          "schema_version": 0,
          "attributes": {
            "caller_reference": "2019-09-08T10:34:58.5625-05:00",
            "cloudfront_access_identity_path": "origin-access-identity/cloudfront/E24K6GOC5ZKQ9J",
            "comment": "bullsandccows.john-shenk.com identity",
            "etag": "E27DG7BDTM3TVA",
            "iam_arn": "arn:aws:iam::cloudfront:user/CloudFront Origin Access Identity E24K6GOC5ZKQ9J",
            "id": "E24K6GOC5ZKQ9J",
            "s3_canonical_user_id": "62b1d29d62628a775396e365b5d797fb338e2b9ace3987bfa56b38d6ab1666db7c720459faed425cf331fb670bd020ab"
          }
        }
      ]
    },
    {
      "mode": "managed",
      "type": "aws_codebuild_project",
      "name": "bullsandcows",
      "provider": "provider.aws",
      "instances": [
        {
          "schema_version": 0,
          "attributes": {
            "arn": "arn:aws:codebuild:us-west-1:671958020402:project/bullsandcows",
            "artifacts": [
              {
                "artifact_identifier": "",
                "encryption_disabled": false,
                "location": "",
                "name": "",
                "namespace_type": "",
                "override_artifact_name": false,
                "packaging": "",
                "path": "",
                "type": "NO_ARTIFACTS"
              }
            ],
            "badge_enabled": false,
            "badge_url": "",
            "build_timeout": 5,
            "cache": [
              {
                "location": "bullsandcows.john-shenk.com",
                "modes": [],
                "type": "S3"
              }
            ],
            "description": "bullsandcows",
            "encryption_key": "arn:aws:kms:us-west-1:671958020402:alias/aws/s3",
            "environment": [
              {
                "certificate": "",
                "compute_type": "BUILD_GENERAL1_SMALL",
                "environment_variable": [],
                "image": "aws/codebuild/standard:2.0",
                "image_pull_credentials_type": "CODEBUILD",
                "privileged_mode": false,
                "registry_credential": [],
                "type": "LINUX_CONTAINER"
              }
            ],
            "id": "bullsandcows",
            "logs_config": [
              {
                "cloudwatch_logs": [
                  {
                    "group_name": "",
                    "status": "ENABLED",
                    "stream_name": ""
                  }
                ],
                "s3_logs": [
                  {
                    "encryption_disabled": false,
                    "location": "",
                    "status": "DISABLED"
                  }
                ]
              }
            ],
            "name": "bullsandcows",
            "secondary_artifacts": [],
            "secondary_sources": [],
            "service_role": "arn:aws:iam::671958020402:role/bullsandcows_pipeline_role",
            "source": [
              {
                "auth": [],
                "buildspec": "buildspec.yml",
                "git_clone_depth": 1,
                "insecure_ssl": false,
                "location": "https://github.com/stinkyfingers/bullsandcows.git",
                "report_build_status": false,
                "type": "GITHUB"
              }
            ],
            "tags": {
              "Environment": "Prod"
            },
            "vpc_config": []
          },
          "private": "bnVsbA==",
          "depends_on": [
            "aws_iam_role.bullsandcows",
            "aws_s3_bucket.bullsandcows"
          ]
        }
      ]
    },
    {
      "mode": "managed",
      "type": "aws_codebuild_webhook",
      "name": "bullsandcows",
      "provider": "provider.aws",
      "instances": [
        {
          "schema_version": 0,
          "attributes": {
            "branch_filter": "",
            "filter_group": [],
            "id": "bullsandcows",
            "payload_url": "https://codebuild.us-west-1.amazonaws.com/webhooks?t=eyJlbmNyeXB0ZWREYXRhIjoiUjhudXhESm9UdU9wbEM0Ni9YQkcyS2lqZU15QUh4ZFllZjhEL1RrUDFXNk5TMHBZLy9nSDFsODY4QVluT2J3TS9HYWh4YWtHZmttT2lpV3lIQnkyV0xnPSIsIml2UGFyYW1ldGVyU3BlYyI6IkNVREIwdTd0SlI5KzFLTlgiLCJtYXRlcmlhbFNldFNlcmlhbCI6MX0%3D\u0026v=1",
            "project_name": "bullsandcows",
            "secret": "",
            "url": "https://api.github.com/repos/stinkyfingers/bullsandcows/hooks/120922878"
          },
          "depends_on": [
            "aws_codebuild_project.bullsandcows"
          ]
        }
      ]
    },
    {
      "mode": "managed",
      "type": "aws_iam_role",
      "name": "bullsandcows",
      "provider": "provider.aws",
      "instances": [
        {
          "schema_version": 0,
          "attributes": {
            "arn": "arn:aws:iam::671958020402:role/bullsandcows_pipeline_role",
            "assume_role_policy": "{\"Version\":\"2012-10-17\",\"Statement\":[{\"Effect\":\"Allow\",\"Principal\":{\"Service\":\"codebuild.amazonaws.com\"},\"Action\":\"sts:AssumeRole\"}]}",
            "create_date": "2019-04-27T01:13:02Z",
            "description": "",
            "force_detach_policies": false,
            "id": "bullsandcows_pipeline_role",
            "max_session_duration": 3600,
            "name": "bullsandcows_pipeline_role",
            "name_prefix": null,
            "path": "/",
            "permissions_boundary": null,
            "tags": {},
            "unique_id": "AROAZY46RWEZFNDRENRN4"
          }
        }
      ]
    },
    {
      "mode": "managed",
      "type": "aws_iam_role_policy",
      "name": "bullsandcows",
      "provider": "provider.aws",
      "instances": [
        {
          "schema_version": 0,
          "attributes": {
            "id": "bullsandcows_pipeline_role:bullsandcows_pipeline_policy",
            "name": "bullsandcows_pipeline_policy",
            "name_prefix": null,
            "policy": "{\n  \"Version\": \"2012-10-17\",\n  \"Statement\": [\n    {\n      \"Effect\":\"Allow\",\n      \"Action\": [\n        \"s3:Get*\",\n        \"s3:List*\",\n        \"s3:PutObject\"\n      ],\n      \"Resource\": [\n        \"arn:aws:s3:::bullsandcows.john-shenk.com\",\n        \"arn:aws:s3:::bullsandcows.john-shenk.com/*\"\n      ]\n    },\n    {\n      \"Effect\": \"Allow\",\n      \"Action\": [\n        \"codebuild:BatchGetBuilds\",\n        \"codebuild:StartBuild\"\n      ],\n      \"Resource\": \"*\"\n    },\n    {\n      \"Effect\": \"Allow\",\n      \"Action\": [\n        \"codebuild:*\"\n      ],\n      \"Resource\": \"*\"\n    },\n    {\n      \"Effect\": \"Allow\",\n      \"Resource\": [\n        \"*\"\n      ],\n      \"Action\": [\n        \"logs:CreateLogGroup\",\n        \"logs:CreateLogStream\",\n        \"logs:PutLogEvents\"\n      ]\n    }\n  ]\n}\n",
            "role": "bullsandcows_pipeline_role"
          },
          "private": "bnVsbA==",
          "depends_on": [
            "aws_iam_role.bullsandcows",
            "aws_s3_bucket.bullsandcows"
          ]
        }
      ]
    },
    {
      "mode": "managed",
      "type": "aws_iam_user",
      "name": "johnshenk",
      "provider": "provider.aws",
      "instances": [
        {
          "schema_version": 0,
          "attributes": {
            "arn": "arn:aws:iam::671958020402:user/johnshenk",
            "force_destroy": false,
            "id": "johnshenk",
            "name": "johnshenk",
            "path": "/",
            "permissions_boundary": null,
            "tags": {},
            "unique_id": "AIDAJMTEPG4TPNWRPIZ4A"
          }
        }
      ]
    },
    {
      "mode": "managed",
      "type": "aws_route53_record",
      "name": "bullsandcows",
      "provider": "provider.aws",
      "instances": [
        {
          "schema_version": 2,
          "attributes": {
            "alias": [
              {
                "evaluate_target_health": false,
                "name": "d12qelsxsxqyed.cloudfront.net",
                "zone_id": "Z2FDTNDATAQYW2"
              }
            ],
            "allow_overwrite": null,
            "failover_routing_policy": [],
            "fqdn": "bullsandcows.john-shenk.com",
            "geolocation_routing_policy": [],
            "health_check_id": "",
            "id": "Z3P68RXJ4VECYX_bullsandcows.john-shenk.com_A",
            "latency_routing_policy": [],
            "multivalue_answer_routing_policy": null,
            "name": "bullsandcows.john-shenk.com",
            "records": [],
            "set_identifier": "",
            "ttl": 0,
            "type": "A",
            "weighted_routing_policy": [],
            "zone_id": "Z3P68RXJ4VECYX"
          },
          "depends_on": [
            "aws_cloudfront_distribution.s3_distribution"
          ]
        }
      ]
    },
    {
      "mode": "managed",
      "type": "aws_s3_bucket",
      "name": "bullsandcows",
      "provider": "provider.aws",
      "instances": [
        {
          "schema_version": 0,
          "attributes": {
            "acceleration_status": "",
            "acl": "private",
            "arn": "arn:aws:s3:::bullsandcows.john-shenk.com",
            "bucket": "bullsandcows.john-shenk.com",
            "bucket_domain_name": "bullsandcows.john-shenk.com.s3.amazonaws.com",
            "bucket_prefix": null,
            "bucket_regional_domain_name": "bullsandcows.john-shenk.com.s3.us-west-1.amazonaws.com",
            "cors_rule": [],
            "force_destroy": false,
            "hosted_zone_id": "Z2F56UZL2M1ACD",
            "id": "bullsandcows.john-shenk.com",
            "lifecycle_rule": [],
            "logging": [],
            "object_lock_configuration": [],
            "policy": null,
            "region": "us-west-1",
            "replication_configuration": [],
            "request_payer": "BucketOwner",
            "server_side_encryption_configuration": [],
            "tags": {},
            "versioning": [
              {
                "enabled": false,
                "mfa_delete": false
              }
            ],
            "website": [
              {
                "error_document": "",
                "index_document": "index.html",
                "redirect_all_requests_to": "",
                "routing_rules": ""
              }
            ],
            "website_domain": "s3-website-us-west-1.amazonaws.com",
            "website_endpoint": "bullsandcows.john-shenk.com.s3-website-us-west-1.amazonaws.com"
          }
        }
      ]
    },
    {
      "mode": "managed",
      "type": "aws_s3_bucket_policy",
      "name": "bullsandcows",
      "provider": "provider.aws",
      "instances": [
        {
          "schema_version": 0,
          "attributes": {
            "bucket": "bullsandcows.john-shenk.com",
            "id": "bullsandcows.john-shenk.com",
            "policy": "{\"Version\":\"2012-10-17\",\"Statement\":[{\"Sid\":\"Cloudfront Read\",\"Effect\":\"Allow\",\"Principal\":{\"AWS\":\"arn:aws:iam::cloudfront:user/CloudFront Origin Access Identity E24K6GOC5ZKQ9J\"},\"Action\":\"s3:GetObject\",\"Resource\":\"arn:aws:s3:::bullsandcows.john-shenk.com/*\"}]}"
          },
          "depends_on": [
            "aws_cloudfront_origin_access_identity.origin_access_identity",
            "aws_s3_bucket.bullsandcows"
          ]
        }
      ]
    },
    {
      "mode": "managed",
      "type": "aws_s3_bucket_public_access_block",
      "name": "example",
      "provider": "provider.aws",
      "instances": [
        {
          "schema_version": 0,
          "attributes": {
            "block_public_acls": true,
            "block_public_policy": true,
            "bucket": "bullsandcows.john-shenk.com",
            "id": "bullsandcows.john-shenk.com",
            "ignore_public_acls": false,
            "restrict_public_buckets": false
          },
          "depends_on": [
            "aws_s3_bucket.bullsandcows"
          ]
        }
      ]
    }
  ]
}
